
Microsoft Visual Studio Solution File, Format Version 12.00
# Visual Studio 15
VisualStudioVersion = 15.0.27703.2042
MinimumVisualStudioVersion = 10.0.40219.1
Project("{FAE04EC0-301F-11D3-BF4B-00C04F79EFBC}") = "NewsApp", "NewsApp\NewsApp.csproj", "{20C216E4-1915-470A-9625-735D34BD337E}"
EndProject
Project("{FAE04EC0-301F-11D3-BF4B-00C04F79EFBC}") = "NewsApp.Models", "NewsApp.Models\NewsApp.Models.csproj", "{14FD79E1-4413-46EA-84C7-77FF6B191EBB}"
EndProject
Project("{FAE04EC0-301F-11D3-BF4B-00C04F79EFBC}") = "NewsApp.DataAccess", "NewsApp.DataAccess\NewsApp.DataAccess.csproj", "{DF8C562D-BDFC-4B3A-9C03-F68C478C0BB8}"
EndProject
Project("{FAE04EC0-301F-11D3-BF4B-00C04F79EFBC}") = "NewsApp.DataAccess.Abstract", "NewsApp.DataAccess.Abstract\NewsApp.DataAccess.Abstract.csproj", "{CCE45F76-A910-43D0-A4B3-FB9D660E6A2E}"
EndProject
Global
	GlobalSection(SolutionConfigurationPlatforms) = preSolution
		Debug|Any CPU = Debug|Any CPU
		Release|Any CPU = Release|Any CPU
	EndGlobalSection
	GlobalSection(ProjectConfigurationPlatforms) = postSolution
		{20C216E4-1915-470A-9625-735D34BD337E}.Debug|Any CPU.ActiveCfg = Debug|Any CPU
		{20C216E4-1915-470A-9625-735D34BD337E}.Debug|Any CPU.Build.0 = Debug|Any CPU
		{20C216E4-1915-470A-9625-735D34BD337E}.Release|Any CPU.ActiveCfg = Release|Any CPU
		{20C216E4-1915-470A-9625-735D34BD337E}.Release|Any CPU.Build.0 = Release|Any CPU
		{14FD79E1-4413-46EA-84C7-77FF6B191EBB}.Debug|Any CPU.ActiveCfg = Debug|Any CPU
		{14FD79E1-4413-46EA-84C7-77FF6B191EBB}.Debug|Any CPU.Build.0 = Debug|Any CPU
		{14FD79E1-4413-46EA-84C7-77FF6B191EBB}.Release|Any CPU.ActiveCfg = Release|Any CPU
		{14FD79E1-4413-46EA-84C7-77FF6B191EBB}.Release|Any CPU.Build.0 = Release|Any CPU
		{DF8C562D-BDFC-4B3A-9C03-F68C478C0BB8}.Debug|Any CPU.ActiveCfg = Debug|Any CPU
		{DF8C562D-BDFC-4B3A-9C03-F68C478C0BB8}.Debug|Any CPU.Build.0 = Debug|Any CPU
		{DF8C562D-BDFC-4B3A-9C03-F68C478C0BB8}.Release|Any CPU.ActiveCfg = Release|Any CPU
		{DF8C562D-BDFC-4B3A-9C03-F68C478C0BB8}.Release|Any CPU.Build.0 = Release|Any CPU
		{CCE45F76-A910-43D0-A4B3-FB9D660E6A2E}.Debug|Any CPU.ActiveCfg = Debug|Any CPU
		{CCE45F76-A910-43D0-A4B3-FB9D660E6A2E}.Debug|Any CPU.Build.0 = Debug|Any CPU
		{CCE45F76-A910-43D0-A4B3-FB9D660E6A2E}.Release|Any CPU.ActiveCfg = Release|Any CPU
		{CCE45F76-A910-43D0-A4B3-FB9D660E6A2E}.Release|Any CPU.Build.0 = Release|Any CPU
	EndGlobalSection
	GlobalSection(SolutionProperties) = preSolution
		HideSolutionNode = FALSE
	EndGlobalSection
	GlobalSection(ExtensibilityGlobals) = postSolution
		SolutionGuid = {0C7524AB-5545-4D99-9610-D03DB0F4F03C}
	EndGlobalSection
EndGlobal
